
Microsoft Visual Studio Solution File, Format Version 12.00
# Visual Studio 15
Project("{FAE04EC0-301F-11D3-BF4B-00C04F79EFBC}") = "BlogManagement.API", "BlogManagement.API\BlogManagement.API.csproj", "{28C68884-A470-4201-9AD2-06309BFBE2C0}"
EndProject
Project("{FAE04EC0-301F-11D3-BF4B-00C04F79EFBC}") = "BlogManagement.Data", "BlogManagement.Data\BlogManagement.Data.csproj", "{7528C378-0566-4093-8C59-0DCC6F93664E}"
EndProject
Project("{2150E333-8FDC-42A3-9474-1A3956D46DE8}") = "Solution Items", "Solution Items", "{55C14A73-FB47-4B62-972E-466C0B214AA6}"
	ProjectSection(SolutionItems) = preProject
		readme.txt = readme.txt
	EndProjectSection
EndProject
Global
	GlobalSection(SolutionConfigurationPlatforms) = preSolution
		Debug|Any CPU = Debug|Any CPU
		Release|Any CPU = Release|Any CPU
	EndGlobalSection
	GlobalSection(ProjectConfigurationPlatforms) = postSolution
		{28C68884-A470-4201-9AD2-06309BFBE2C0}.Debug|Any CPU.ActiveCfg = Debug|Any CPU
		{28C68884-A470-4201-9AD2-06309BFBE2C0}.Debug|Any CPU.Build.0 = Debug|Any CPU
		{28C68884-A470-4201-9AD2-06309BFBE2C0}.Release|Any CPU.ActiveCfg = Release|Any CPU
		{28C68884-A470-4201-9AD2-06309BFBE2C0}.Release|Any CPU.Build.0 = Release|Any CPU
		{7528C378-0566-4093-8C59-0DCC6F93664E}.Debug|Any CPU.ActiveCfg = Debug|Any CPU
		{7528C378-0566-4093-8C59-0DCC6F93664E}.Debug|Any CPU.Build.0 = Debug|Any CPU
		{7528C378-0566-4093-8C59-0DCC6F93664E}.Release|Any CPU.ActiveCfg = Release|Any CPU
		{7528C378-0566-4093-8C59-0DCC6F93664E}.Release|Any CPU.Build.0 = Release|Any CPU
	EndGlobalSection
EndGlobal
